
Microsoft Visual Studio Solution File, Format Version 12.00
# Visual Studio Version 17
VisualStudioVersion = 17.7.34024.191
MinimumVisualStudioVersion = 10.0.40219.1
Project("{2150E333-8FDC-42A3-9474-1A3956D46DE8}") = "Solution Items", "Solution Items", "{DC6B7C92-2912-4689-87EA-9FE396936283}"
	ProjectSection(SolutionItems) = preProject
		.gitignore = .gitignore
		.github\workflows\dotnet.yml = .github\workflows\dotnet.yml
		LICENSE = LICENSE
		README.md = README.md
		.github\workflows\rust.yml = .github\workflows\rust.yml
	EndProjectSection
EndProject
Project("{9A19103F-16F7-4668-BE54-9A1E7A4F7556}") = "Tools", "Tools\Tools.csproj", "{8DE4836F-AF6B-4219-96DE-3FF729F664A5}"
EndProject
Project("{2150E333-8FDC-42A3-9474-1A3956D46DE8}") = "Dependencies", "Dependencies", "{A4449615-F6E7-45E5-BECF-75397C0B4CBF}"
	ProjectSection(SolutionItems) = preProject
		Dependencies\readme.md = Dependencies\readme.md
		Dependencies\setup.sh = Dependencies\setup.sh
		Dependencies\setup_data.sh = Dependencies\setup_data.sh
		Dependencies\setup_packages.sh = Dependencies\setup_packages.sh
		Dependencies\setup_programs.sh = Dependencies\setup_programs.sh
	EndProjectSection
EndProject
Project("{9A19103F-16F7-4668-BE54-9A1E7A4F7556}") = "StackelbergCompiler", "StackelbergCompiler\StackelbergCompiler.csproj", "{9DD511E2-00DA-44B0-87EB-D9C8A956EE5B}"
EndProject
Project("{9A19103F-16F7-4668-BE54-9A1E7A4F7556}") = "StackelbergVerifier", "StackelbergVerifier\StackelbergVerifier.csproj", "{5DB596AE-CB35-4439-AB62-0502C42F7586}"
EndProject
Project("{9A19103F-16F7-4668-BE54-9A1E7A4F7556}") = "MetaActionGenerator", "MetaActionGenerator\MetaActionGenerator.csproj", "{6E04D1D4-065F-4CCA-B657-021ADBB1B032}"
EndProject
Project("{9A19103F-16F7-4668-BE54-9A1E7A4F7556}") = "MetaActions.Train", "MetaActions.Train\MetaActions.Train.csproj", "{2A4828D6-88F9-40F9-A4E2-F5513717A257}"
EndProject
Project("{9A19103F-16F7-4668-BE54-9A1E7A4F7556}") = "MacroExtractor", "MacroExtractor\MacroExtractor.csproj", "{29BFBFCF-A24E-4ADD-AE4D-6FCED21D302C}"
EndProject
Project("{2150E333-8FDC-42A3-9474-1A3956D46DE8}") = "Tests", "Tests", "{8B977624-590C-429F-AF65-6C2B00C75AF1}"
EndProject
Project("{9A19103F-16F7-4668-BE54-9A1E7A4F7556}") = "MetaActionGenerator.Tests", "Tests\MetaActionGenerator.Tests\MetaActionGenerator.Tests.csproj", "{5C5289EA-288A-4728-91E6-DC001AD21A7C}"
EndProject
Project("{9A19103F-16F7-4668-BE54-9A1E7A4F7556}") = "MacroExtractor.Tests", "Tests\MacroExtractor.Tests\MacroExtractor.Tests.csproj", "{3CD2C382-CD00-46E5-807F-BEE118867793}"
EndProject
Project("{9A19103F-16F7-4668-BE54-9A1E7A4F7556}") = "StackelbergCompiler.Tests", "Tests\StackelbergCompiler.Tests\StackelbergCompiler.Tests.csproj", "{FC109629-25D4-4791-8146-E0606B5775AA}"
EndProject
Global
	GlobalSection(SolutionConfigurationPlatforms) = preSolution
		Debug|Any CPU = Debug|Any CPU
		Release|Any CPU = Release|Any CPU
	EndGlobalSection
	GlobalSection(ProjectConfigurationPlatforms) = postSolution
		{8DE4836F-AF6B-4219-96DE-3FF729F664A5}.Debug|Any CPU.ActiveCfg = Debug|Any CPU
		{8DE4836F-AF6B-4219-96DE-3FF729F664A5}.Debug|Any CPU.Build.0 = Debug|Any CPU
		{8DE4836F-AF6B-4219-96DE-3FF729F664A5}.Release|Any CPU.ActiveCfg = Release|Any CPU
		{8DE4836F-AF6B-4219-96DE-3FF729F664A5}.Release|Any CPU.Build.0 = Release|Any CPU
		{9DD511E2-00DA-44B0-87EB-D9C8A956EE5B}.Debug|Any CPU.ActiveCfg = Debug|Any CPU
		{9DD511E2-00DA-44B0-87EB-D9C8A956EE5B}.Debug|Any CPU.Build.0 = Debug|Any CPU
		{9DD511E2-00DA-44B0-87EB-D9C8A956EE5B}.Release|Any CPU.ActiveCfg = Release|Any CPU
		{9DD511E2-00DA-44B0-87EB-D9C8A956EE5B}.Release|Any CPU.Build.0 = Release|Any CPU
		{5DB596AE-CB35-4439-AB62-0502C42F7586}.Debug|Any CPU.ActiveCfg = Debug|Any CPU
		{5DB596AE-CB35-4439-AB62-0502C42F7586}.Debug|Any CPU.Build.0 = Debug|Any CPU
		{5DB596AE-CB35-4439-AB62-0502C42F7586}.Release|Any CPU.ActiveCfg = Release|Any CPU
		{5DB596AE-CB35-4439-AB62-0502C42F7586}.Release|Any CPU.Build.0 = Release|Any CPU
		{6E04D1D4-065F-4CCA-B657-021ADBB1B032}.Debug|Any CPU.ActiveCfg = Debug|Any CPU
		{6E04D1D4-065F-4CCA-B657-021ADBB1B032}.Debug|Any CPU.Build.0 = Debug|Any CPU
		{6E04D1D4-065F-4CCA-B657-021ADBB1B032}.Release|Any CPU.ActiveCfg = Release|Any CPU
		{6E04D1D4-065F-4CCA-B657-021ADBB1B032}.Release|Any CPU.Build.0 = Release|Any CPU
		{2A4828D6-88F9-40F9-A4E2-F5513717A257}.Debug|Any CPU.ActiveCfg = Debug|Any CPU
		{2A4828D6-88F9-40F9-A4E2-F5513717A257}.Debug|Any CPU.Build.0 = Debug|Any CPU
		{2A4828D6-88F9-40F9-A4E2-F5513717A257}.Release|Any CPU.ActiveCfg = Release|Any CPU
		{2A4828D6-88F9-40F9-A4E2-F5513717A257}.Release|Any CPU.Build.0 = Release|Any CPU
		{29BFBFCF-A24E-4ADD-AE4D-6FCED21D302C}.Debug|Any CPU.ActiveCfg = Debug|Any CPU
		{29BFBFCF-A24E-4ADD-AE4D-6FCED21D302C}.Debug|Any CPU.Build.0 = Debug|Any CPU
		{29BFBFCF-A24E-4ADD-AE4D-6FCED21D302C}.Release|Any CPU.ActiveCfg = Release|Any CPU
		{29BFBFCF-A24E-4ADD-AE4D-6FCED21D302C}.Release|Any CPU.Build.0 = Release|Any CPU
		{5C5289EA-288A-4728-91E6-DC001AD21A7C}.Debug|Any CPU.ActiveCfg = Debug|Any CPU
		{5C5289EA-288A-4728-91E6-DC001AD21A7C}.Debug|Any CPU.Build.0 = Debug|Any CPU
		{5C5289EA-288A-4728-91E6-DC001AD21A7C}.Release|Any CPU.ActiveCfg = Release|Any CPU
		{5C5289EA-288A-4728-91E6-DC001AD21A7C}.Release|Any CPU.Build.0 = Release|Any CPU
		{3CD2C382-CD00-46E5-807F-BEE118867793}.Debug|Any CPU.ActiveCfg = Debug|Any CPU
		{3CD2C382-CD00-46E5-807F-BEE118867793}.Debug|Any CPU.Build.0 = Debug|Any CPU
		{3CD2C382-CD00-46E5-807F-BEE118867793}.Release|Any CPU.ActiveCfg = Release|Any CPU
		{3CD2C382-CD00-46E5-807F-BEE118867793}.Release|Any CPU.Build.0 = Release|Any CPU
		{FC109629-25D4-4791-8146-E0606B5775AA}.Debug|Any CPU.ActiveCfg = Debug|Any CPU
		{FC109629-25D4-4791-8146-E0606B5775AA}.Debug|Any CPU.Build.0 = Debug|Any CPU
		{FC109629-25D4-4791-8146-E0606B5775AA}.Release|Any CPU.ActiveCfg = Release|Any CPU
		{FC109629-25D4-4791-8146-E0606B5775AA}.Release|Any CPU.Build.0 = Release|Any CPU
	EndGlobalSection
	GlobalSection(SolutionProperties) = preSolution
		HideSolutionNode = FALSE
	EndGlobalSection
	GlobalSection(NestedProjects) = preSolution
		{5C5289EA-288A-4728-91E6-DC001AD21A7C} = {8B977624-590C-429F-AF65-6C2B00C75AF1}
		{3CD2C382-CD00-46E5-807F-BEE118867793} = {8B977624-590C-429F-AF65-6C2B00C75AF1}
		{FC109629-25D4-4791-8146-E0606B5775AA} = {8B977624-590C-429F-AF65-6C2B00C75AF1}
	EndGlobalSection
	GlobalSection(ExtensibilityGlobals) = postSolution
		SolutionGuid = {3B73CE61-35D1-4280-9F91-DD54F6DAFCD2}
	EndGlobalSection
EndGlobal
